{
  "originHash" : "0b8e70f0514be6fa172ce99f85bbeee3e38051b468805f54b6962314ef48ec57",
  "pins" : [
    {
      "identity" : "filesystem",
      "kind" : "remoteSourceControl",
      "location" : "https://github.com/tuist/FileSystem",
      "state" : {
        "revision" : "f08b102c63249a371e009b62e7b0b7463483791d",
        "version" : "0.13.47"
      }
    },
    {
      "identity" : "noora",
      "kind" : "remoteSourceControl",
      "location" : "https://github.com/tuist/Noora",
      "state" : {
        "revision" : "6438a7fe2b62e3ced9a32f42def7cd6ce6d9504f",
        "version" : "0.51.2"
      }
    },
    {
      "identity" : "path",
      "kind" : "remoteSourceControl",
      "location" : "https://github.com/tuist/path",
      "state" : {
        "revision" : "7c74ac435e03a927c3a73134c48b61e60221abcb",
        "version" : "0.3.8"
      }
    },
    {
      "identity" : "processrunning",
      "kind" : "remoteSourceControl",
      "location" : "https://github.com/Ryu0118/ProcessRunning",
      "state" : {
        "revision" : "398b8c4496b2b061f76889700206c9f5eb5f3fad",
        "version" : "0.2.1"
      }
    },
    {
      "identity" : "rainbow",
      "kind" : "remoteSourceControl",
      "location" : "https://github.com/onevcat/Rainbow",
      "state" : {
        "revision" : "16da5c62dd737258c6df2e8c430f8a3202f655a7",
        "version" : "4.2.0"
      }
    },
    {
      "identity" : "swift-argument-parser",
      "kind" : "remoteSourceControl",
      "location" : "https://github.com/apple/swift-argument-parser",
      "state" : {
        "revision" : "cdd0ef3755280949551dc26dee5de9ddeda89f54",
        "version" : "1.6.2"
      }
    },
    {
      "identity" : "swift-atomics",
      "kind" : "remoteSourceControl",
      "location" : "https://github.com/apple/swift-atomics.git",
      "state" : {
        "revision" : "b601256eab081c0f92f059e12818ac1d4f178ff7",
        "version" : "1.3.0"
      }
    },
    {
      "identity" : "swift-collections",
      "kind" : "remoteSourceControl",
      "location" : "https://github.com/apple/swift-collections.git",
      "state" : {
        "revision" : "7b847a3b7008b2dc2f47ca3110d8c782fb2e5c7e",
        "version" : "1.3.0"
      }
    },
    {
      "identity" : "swift-log",
      "kind" : "remoteSourceControl",
      "location" : "https://github.com/apple/swift-log",
      "state" : {
        "revision" : "ca538143e2dc2b5996c34b9322a1ed9def1d7747",
        "version" : "1.7.0"
      }
    },
    {
      "identity" : "swift-nio",
      "kind" : "remoteSourceControl",
      "location" : "https://github.com/apple/swift-nio",
      "state" : {
        "revision" : "663ddc80f2081c8f22e417cbac5f80270a93795e",
        "version" : "2.91.0"
      }
    },
    {
      "identity" : "swift-subprocess",
      "kind" : "remoteSourceControl",
      "location" : "https://github.com/swiftlang/swift-subprocess.git",
      "state" : {
        "revision" : "44922dfe46380cd354ca4b0208e717a3e92b13dd",
        "version" : "0.2.1"
      }
    },
    {
      "identity" : "swift-system",
      "kind" : "remoteSourceControl",
      "location" : "https://github.com/apple/swift-system.git",
      "state" : {
        "revision" : "395a77f0aa927f0ff73941d7ac35f2b46d47c9db",
        "version" : "1.6.3"
      }
    },
    {
      "identity" : "yams",
      "kind" : "remoteSourceControl",
      "location" : "https://github.com/jpsim/Yams",
      "state" : {
        "revision" : "51b5127c7fb6ffac106ad6d199aaa33c5024895f",
        "version" : "6.2.0"
      }
    },
    {
      "identity" : "zipfoundation",
      "kind" : "remoteSourceControl",
      "location" : "https://github.com/tuist/ZIPFoundation",
      "state" : {
        "revision" : "e9b1917bd4d7d050e0ff4ec157b5d6e253c84385",
        "version" : "0.9.20"
      }
    }
  ],
  "version" : 3
}
